// !$*UTF8*$!
{
	archiveVersion = 1;
	classes = {
	};
	objectVersion = 48;
	objects = {

/* Begin PBXBuildFile section */
		264CDD8C1FAAF12300CE255C /* UserInfoView.m in Sources */ = {isa = PBXBuildFile; fileRef = 264CDD8B1FAAF12300CE255C /* UserInfoView.m */; };
		264CDD8F1FAB04D300CE255C /* AddCardVC.m in Sources */ = {isa = PBXBuildFile; fileRef = 264CDD8E1FAB04D300CE255C /* AddCardVC.m */; };
		264CDD921FAB23D700CE255C /* AddCardItemView.m in Sources */ = {isa = PBXBuildFile; fileRef = 264CDD911FAB23D700CE255C /* AddCardItemView.m */; };
		2659DBB91FA994A900BFB9C2 /* AppDelegate.m in Sources */ = {isa = PBXBuildFile; fileRef = 2659DBB81FA994A900BFB9C2 /* AppDelegate.m */; };
		2659DBBF1FA994A900BFB9C2 /* Main.storyboard in Resources */ = {isa = PBXBuildFile; fileRef = 2659DBBD1FA994A900BFB9C2 /* Main.storyboard */; };
		2659DBC11FA994A900BFB9C2 /* Assets.xcassets in Resources */ = {isa = PBXBuildFile; fileRef = 2659DBC01FA994A900BFB9C2 /* Assets.xcassets */; };
		2659DBC41FA994A900BFB9C2 /* LaunchScreen.storyboard in Resources */ = {isa = PBXBuildFile; fileRef = 2659DBC21FA994A900BFB9C2 /* LaunchScreen.storyboard */; };
		2659DBC71FA994A900BFB9C2 /* main.m in Sources */ = {isa = PBXBuildFile; fileRef = 2659DBC61FA994A900BFB9C2 /* main.m */; };
		2659DBEC1FA9AD0700BFB9C2 /* TabBarVC.m in Sources */ = {isa = PBXBuildFile; fileRef = 2659DBEB1FA9AD0700BFB9C2 /* TabBarVC.m */; };
		2659DBEF1FA9AD7F00BFB9C2 /* HomeVC.m in Sources */ = {isa = PBXBuildFile; fileRef = 2659DBEE1FA9AD7F00BFB9C2 /* HomeVC.m */; };
		2659DBF21FA9AD9C00BFB9C2 /* MyProfileVC.m in Sources */ = {isa = PBXBuildFile; fileRef = 2659DBF11FA9AD9C00BFB9C2 /* MyProfileVC.m */; };
		2659DBF51FA9AE7400BFB9C2 /* XNavgationController.m in Sources */ = {isa = PBXBuildFile; fileRef = 2659DBF41FA9AE7400BFB9C2 /* XNavgationController.m */; };
		2659DC211FA9B35800BFB9C2 /* GuideTool.m in Sources */ = {isa = PBXBuildFile; fileRef = 2659DC201FA9B35800BFB9C2 /* GuideTool.m */; };
		2659DC241FA9B67600BFB9C2 /* DataCenterVC.m in Sources */ = {isa = PBXBuildFile; fileRef = 2659DC231FA9B67600BFB9C2 /* DataCenterVC.m */; };
		2659DC281FA9C4B300BFB9C2 /* LoginVC.m in Sources */ = {isa = PBXBuildFile; fileRef = 2659DC271FA9C4B300BFB9C2 /* LoginVC.m */; };
		2659DC2B1FA9C7DA00BFB9C2 /* CardManager.m in Sources */ = {isa = PBXBuildFile; fileRef = 2659DC2A1FA9C7DA00BFB9C2 /* CardManager.m */; };
		2659DC2E1FA9C89400BFB9C2 /* Card.m in Sources */ = {isa = PBXBuildFile; fileRef = 2659DC2D1FA9C89400BFB9C2 /* Card.m */; };
		4A41C94EDF0EE5DF0B712B3E /* libPods-MysteriousSpace.a in Frameworks */ = {isa = PBXBuildFile; fileRef = BB686F1317F8121FDD00A168 /* libPods-MysteriousSpace.a */; };
/* End PBXBuildFile section */

/* Begin PBXFileReference section */
		264CDD8A1FAAF12300CE255C /* UserInfoView.h */ = {isa = PBXFileReference; lastKnownFileType = sourcecode.c.h; path = UserInfoView.h; sourceTree = "<group>"; };
		264CDD8B1FAAF12300CE255C /* UserInfoView.m */ = {isa = PBXFileReference; lastKnownFileType = sourcecode.c.objc; path = UserInfoView.m; sourceTree = "<group>"; };
		264CDD8D1FAB04D300CE255C /* AddCardVC.h */ = {isa = PBXFileReference; lastKnownFileType = sourcecode.c.h; path = AddCardVC.h; sourceTree = "<group>"; };
		264CDD8E1FAB04D300CE255C /* AddCardVC.m */ = {isa = PBXFileReference; lastKnownFileType = sourcecode.c.objc; path = AddCardVC.m; sourceTree = "<group>"; };
		264CDD901FAB23D700CE255C /* AddCardItemView.h */ = {isa = PBXFileReference; lastKnownFileType = sourcecode.c.h; path = AddCardItemView.h; sourceTree = "<group>"; };
		264CDD911FAB23D700CE255C /* AddCardItemView.m */ = {isa = PBXFileReference; lastKnownFileType = sourcecode.c.objc; path = AddCardItemView.m; sourceTree = "<group>"; };
		2659DBB41FA994A900BFB9C2 /* MysteriousSpace.app */ = {isa = PBXFileReference; explicitFileType = wrapper.application; includeInIndex = 0; path = MysteriousSpace.app; sourceTree = BUILT_PRODUCTS_DIR; };
		2659DBB71FA994A900BFB9C2 /* AppDelegate.h */ = {isa = PBXFileReference; lastKnownFileType = sourcecode.c.h; path = AppDelegate.h; sourceTree = "<group>"; };
		2659DBB81FA994A900BFB9C2 /* AppDelegate.m */ = {isa = PBXFileReference; lastKnownFileType = sourcecode.c.objc; path = AppDelegate.m; sourceTree = "<group>"; };
		2659DBBE1FA994A900BFB9C2 /* Base */ = {isa = PBXFileReference; lastKnownFileType = file.storyboard; name = Base; path = Base.lproj/Main.storyboard; sourceTree = "<group>"; };
		2659DBC01FA994A900BFB9C2 /* Assets.xcassets */ = {isa = PBXFileReference; lastKnownFileType = folder.assetcatalog; path = Assets.xcassets; sourceTree = "<group>"; };
		2659DBC31FA994A900BFB9C2 /* Base */ = {isa = PBXFileReference; lastKnownFileType = file.storyboard; name = Base; path = Base.lproj/LaunchScreen.storyboard; sourceTree = "<group>"; };
		2659DBC51FA994A900BFB9C2 /* Info.plist */ = {isa = PBXFileReference; lastKnownFileType = text.plist.xml; path = Info.plist; sourceTree = "<group>"; };
		2659DBC61FA994A900BFB9C2 /* main.m */ = {isa = PBXFileReference; lastKnownFileType = sourcecode.c.objc; path = main.m; sourceTree = "<group>"; };
		2659DBE61FA995E200BFB9C2 /* PrefixHeader.pch */ = {isa = PBXFileReference; lastKnownFileType = sourcecode.c.h; path = PrefixHeader.pch; sourceTree = "<group>"; };
		2659DBEA1FA9AD0700BFB9C2 /* TabBarVC.h */ = {isa = PBXFileReference; lastKnownFileType = sourcecode.c.h; path = TabBarVC.h; sourceTree = "<group>"; };
		2659DBEB1FA9AD0700BFB9C2 /* TabBarVC.m */ = {isa = PBXFileReference; lastKnownFileType = sourcecode.c.objc; path = TabBarVC.m; sourceTree = "<group>"; };
		2659DBED1FA9AD7F00BFB9C2 /* HomeVC.h */ = {isa = PBXFileReference; lastKnownFileType = sourcecode.c.h; path = HomeVC.h; sourceTree = "<group>"; };
		2659DBEE1FA9AD7F00BFB9C2 /* HomeVC.m */ = {isa = PBXFileReference; lastKnownFileType = sourcecode.c.objc; path = HomeVC.m; sourceTree = "<group>"; };
		2659DBF01FA9AD9C00BFB9C2 /* MyProfileVC.h */ = {isa = PBXFileReference; lastKnownFileType = sourcecode.c.h; path = MyProfileVC.h; sourceTree = "<group>"; };
		2659DBF11FA9AD9C00BFB9C2 /* MyProfileVC.m */ = {isa = PBXFileReference; lastKnownFileType = sourcecode.c.objc; path = MyProfileVC.m; sourceTree = "<group>"; };
		2659DBF31FA9AE7400BFB9C2 /* XNavgationController.h */ = {isa = PBXFileReference; lastKnownFileType = sourcecode.c.h; path = XNavgationController.h; sourceTree = "<group>"; };
		2659DBF41FA9AE7400BFB9C2 /* XNavgationController.m */ = {isa = PBXFileReference; lastKnownFileType = sourcecode.c.objc; path = XNavgationController.m; sourceTree = "<group>"; };
		2659DC0F1FA9B27E00BFB9C2 /* NSString+Tools.h */ = {isa = PBXFileReference; lastKnownFileType = sourcecode.c.h; path = "NSString+Tools.h"; sourceTree = "<group>"; };
		2659DC101FA9B27E00BFB9C2 /* NSString+Tools.m */ = {isa = PBXFileReference; lastKnownFileType = sourcecode.c.objc; path = "NSString+Tools.m"; sourceTree = "<group>"; };
		2659DC131FA9B27E00BFB9C2 /* NSDate+Utilities.h */ = {isa = PBXFileReference; lastKnownFileType = sourcecode.c.h; path = "NSDate+Utilities.h"; sourceTree = "<group>"; };
		2659DC141FA9B27E00BFB9C2 /* NSDate+Utilities.m */ = {isa = PBXFileReference; lastKnownFileType = sourcecode.c.objc; path = "NSDate+Utilities.m"; sourceTree = "<group>"; };
		2659DC161FA9B27E00BFB9C2 /* UIControlFastGet.h */ = {isa = PBXFileReference; lastKnownFileType = sourcecode.c.h; path = UIControlFastGet.h; sourceTree = "<group>"; };
		2659DC171FA9B27E00BFB9C2 /* UIControlFastGet.m */ = {isa = PBXFileReference; lastKnownFileType = sourcecode.c.objc; path = UIControlFastGet.m; sourceTree = "<group>"; };
		2659DC181FA9B27E00BFB9C2 /* UILabel+Tools.h */ = {isa = PBXFileReference; lastKnownFileType = sourcecode.c.h; path = "UILabel+Tools.h"; sourceTree = "<group>"; };
		2659DC191FA9B27E00BFB9C2 /* UILabel+Tools.m */ = {isa = PBXFileReference; lastKnownFileType = sourcecode.c.objc; path = "UILabel+Tools.m"; sourceTree = "<group>"; };
		2659DC1A1FA9B27E00BFB9C2 /* UIView+Category.h */ = {isa = PBXFileReference; lastKnownFileType = sourcecode.c.h; path = "UIView+Category.h"; sourceTree = "<group>"; };
		2659DC1B1FA9B27E00BFB9C2 /* UIView+Category.m */ = {isa = PBXFileReference; lastKnownFileType = sourcecode.c.objc; path = "UIView+Category.m"; sourceTree = "<group>"; };
		2659DC1C1FA9B27E00BFB9C2 /* UIView+Tools.h */ = {isa = PBXFileReference; lastKnownFileType = sourcecode.c.h; path = "UIView+Tools.h"; sourceTree = "<group>"; };
		2659DC1D1FA9B27E00BFB9C2 /* UIView+Tools.m */ = {isa = PBXFileReference; lastKnownFileType = sourcecode.c.objc; path = "UIView+Tools.m"; sourceTree = "<group>"; };
		2659DC1F1FA9B35800BFB9C2 /* GuideTool.h */ = {isa = PBXFileReference; fileEncoding = 4; lastKnownFileType = sourcecode.c.h; path = GuideTool.h; sourceTree = "<group>"; };
		2659DC201FA9B35800BFB9C2 /* GuideTool.m */ = {isa = PBXFileReference; fileEncoding = 4; lastKnownFileType = sourcecode.c.objc; path = GuideTool.m; sourceTree = "<group>"; };
		2659DC221FA9B67600BFB9C2 /* DataCenterVC.h */ = {isa = PBXFileReference; lastKnownFileType = sourcecode.c.h; path = DataCenterVC.h; sourceTree = "<group>"; };
		2659DC231FA9B67600BFB9C2 /* DataCenterVC.m */ = {isa = PBXFileReference; lastKnownFileType = sourcecode.c.objc; path = DataCenterVC.m; sourceTree = "<group>"; };
		2659DC251FA9BE7D00BFB9C2 /* Define.h */ = {isa = PBXFileReference; lastKnownFileType = sourcecode.c.h; path = Define.h; sourceTree = "<group>"; };
		2659DC261FA9C4B300BFB9C2 /* LoginVC.h */ = {isa = PBXFileReference; lastKnownFileType = sourcecode.c.h; path = LoginVC.h; sourceTree = "<group>"; };
		2659DC271FA9C4B300BFB9C2 /* LoginVC.m */ = {isa = PBXFileReference; lastKnownFileType = sourcecode.c.objc; path = LoginVC.m; sourceTree = "<group>"; };
		2659DC291FA9C7DA00BFB9C2 /* CardManager.h */ = {isa = PBXFileReference; lastKnownFileType = sourcecode.c.h; path = CardManager.h; sourceTree = "<group>"; };
		2659DC2A1FA9C7DA00BFB9C2 /* CardManager.m */ = {isa = PBXFileReference; lastKnownFileType = sourcecode.c.objc; path = CardManager.m; sourceTree = "<group>"; };
		2659DC2C1FA9C89400BFB9C2 /* Card.h */ = {isa = PBXFileReference; lastKnownFileType = sourcecode.c.h; path = Card.h; sourceTree = "<group>"; };
		2659DC2D1FA9C89400BFB9C2 /* Card.m */ = {isa = PBXFileReference; lastKnownFileType = sourcecode.c.objc; path = Card.m; sourceTree = "<group>"; };
		2659DC2F1FA9CC4200BFB9C2 /* UIColor+HEX.m */ = {isa = PBXFileReference; lastKnownFileType = sourcecode.c.objc; path = "UIColor+HEX.m"; sourceTree = "<group>"; };
		2659DC301FA9CC4200BFB9C2 /* UIColor+HEX.h */ = {isa = PBXFileReference; lastKnownFileType = sourcecode.c.h; path = "UIColor+HEX.h"; sourceTree = "<group>"; };
		BB686F1317F8121FDD00A168 /* libPods-MysteriousSpace.a */ = {isa = PBXFileReference; explicitFileType = archive.ar; includeInIndex = 0; path = "libPods-MysteriousSpace.a"; sourceTree = BUILT_PRODUCTS_DIR; };
		D351B7222A42AAF60F14A132 /* Pods-MysteriousSpace.release.xcconfig */ = {isa = PBXFileReference; includeInIndex = 1; lastKnownFileType = text.xcconfig; name = "Pods-MysteriousSpace.release.xcconfig"; path = "Pods/Target Support Files/Pods-MysteriousSpace/Pods-MysteriousSpace.release.xcconfig"; sourceTree = "<group>"; };
		F9E1DED68F420137DD925DA0 /* Pods-MysteriousSpace.debug.xcconfig */ = {isa = PBXFileReference; includeInIndex = 1; lastKnownFileType = text.xcconfig; name = "Pods-MysteriousSpace.debug.xcconfig"; path = "Pods/Target Support Files/Pods-MysteriousSpace/Pods-MysteriousSpace.debug.xcconfig"; sourceTree = "<group>"; };
/* End PBXFileReference section */

/* Begin PBXFrameworksBuildPhase section */
		2659DBB11FA994A900BFB9C2 /* Frameworks */ = {
			isa = PBXFrameworksBuildPhase;
			buildActionMask = 2147483647;
			files = (
				4A41C94EDF0EE5DF0B712B3E /* libPods-MysteriousSpace.a in Frameworks */,
			);
			runOnlyForDeploymentPostprocessing = 0;
		};
/* End PBXFrameworksBuildPhase section */

/* Begin PBXGroup section */
		2659DBAB1FA994A800BFB9C2 = {
			isa = PBXGroup;
			children = (
				2659DBB61FA994A900BFB9C2 /* MysteriousSpace */,
				2659DBB51FA994A900BFB9C2 /* Products */,
				E4B0B7DD91DEC502F377D8DD /* Pods */,
				E6BA886147955F40016ACEBC /* Frameworks */,
			);
			sourceTree = "<group>";
		};
		2659DBB51FA994A900BFB9C2 /* Products */ = {
			isa = PBXGroup;
			children = (
				2659DBB41FA994A900BFB9C2 /* MysteriousSpace.app */,
			);
			name = Products;
			sourceTree = "<group>";
		};
		2659DBB61FA994A900BFB9C2 /* MysteriousSpace */ = {
			isa = PBXGroup;
			children = (
				2659DC1E1FA9B35800BFB9C2 /* Utils */,
				2659DC0D1FA9B27E00BFB9C2 /* Category */,
				2659DBCD1FA9952400BFB9C2 /* Main */,
				2659DBB71FA994A900BFB9C2 /* AppDelegate.h */,
				2659DBB81FA994A900BFB9C2 /* AppDelegate.m */,
				2659DBBD1FA994A900BFB9C2 /* Main.storyboard */,
				2659DBC01FA994A900BFB9C2 /* Assets.xcassets */,
				2659DBC21FA994A900BFB9C2 /* LaunchScreen.storyboard */,
				2659DBC51FA994A900BFB9C2 /* Info.plist */,
				2659DBE61FA995E200BFB9C2 /* PrefixHeader.pch */,
				2659DC251FA9BE7D00BFB9C2 /* Define.h */,
				2659DBC61FA994A900BFB9C2 /* main.m */,
			);
			path = MysteriousSpace;
			sourceTree = "<group>";
		};
		2659DBCD1FA9952400BFB9C2 /* Main */ = {
			isa = PBXGroup;
			children = (
				2659DBEA1FA9AD0700BFB9C2 /* TabBarVC.h */,
				2659DBEB1FA9AD0700BFB9C2 /* TabBarVC.m */,
				2659DC261FA9C4B300BFB9C2 /* LoginVC.h */,
				2659DC271FA9C4B300BFB9C2 /* LoginVC.m */,
				2659DBED1FA9AD7F00BFB9C2 /* HomeVC.h */,
				2659DBEE1FA9AD7F00BFB9C2 /* HomeVC.m */,
				2659DC221FA9B67600BFB9C2 /* DataCenterVC.h */,
				2659DC231FA9B67600BFB9C2 /* DataCenterVC.m */,
				2659DBF01FA9AD9C00BFB9C2 /* MyProfileVC.h */,
				2659DBF11FA9AD9C00BFB9C2 /* MyProfileVC.m */,
				264CDD8A1FAAF12300CE255C /* UserInfoView.h */,
				264CDD8B1FAAF12300CE255C /* UserInfoView.m */,
				2659DBF31FA9AE7400BFB9C2 /* XNavgationController.h */,
				2659DBF41FA9AE7400BFB9C2 /* XNavgationController.m */,
				2659DC291FA9C7DA00BFB9C2 /* CardManager.h */,
				2659DC2A1FA9C7DA00BFB9C2 /* CardManager.m */,
				2659DC2C1FA9C89400BFB9C2 /* Card.h */,
				2659DC2D1FA9C89400BFB9C2 /* Card.m */,
				264CDD8D1FAB04D300CE255C /* AddCardVC.h */,
				264CDD8E1FAB04D300CE255C /* AddCardVC.m */,
				264CDD901FAB23D700CE255C /* AddCardItemView.h */,
				264CDD911FAB23D700CE255C /* AddCardItemView.m */,
			);
			path = Main;
			sourceTree = "<group>";
		};
		2659DC0D1FA9B27E00BFB9C2 /* Category */ = {
			isa = PBXGroup;
			children = (
				2659DC301FA9CC4200BFB9C2 /* UIColor+HEX.h */,
				2659DC2F1FA9CC4200BFB9C2 /* UIColor+HEX.m */,
				2659DC0E1FA9B27E00BFB9C2 /*  NSString+Tools */,
				2659DC121FA9B27E00BFB9C2 /* NSDate+Utilities */,
				2659DC151FA9B27E00BFB9C2 /* UIView+Tools */,
			);
			path = Category;
			sourceTree = "<group>";
		};
		2659DC0E1FA9B27E00BFB9C2 /*  NSString+Tools */ = {
			isa = PBXGroup;
			children = (
				2659DC0F1FA9B27E00BFB9C2 /* NSString+Tools.h */,
				2659DC101FA9B27E00BFB9C2 /* NSString+Tools.m */,
			);
			path = " NSString+Tools";
			sourceTree = "<group>";
		};
		2659DC121FA9B27E00BFB9C2 /* NSDate+Utilities */ = {
			isa = PBXGroup;
			children = (
				2659DC131FA9B27E00BFB9C2 /* NSDate+Utilities.h */,
				2659DC141FA9B27E00BFB9C2 /* NSDate+Utilities.m */,
			);
			path = "NSDate+Utilities";
			sourceTree = "<group>";
		};
		2659DC151FA9B27E00BFB9C2 /* UIView+Tools */ = {
			isa = PBXGroup;
			children = (
				2659DC161FA9B27E00BFB9C2 /* UIControlFastGet.h */,
				2659DC171FA9B27E00BFB9C2 /* UIControlFastGet.m */,
				2659DC181FA9B27E00BFB9C2 /* UILabel+Tools.h */,
				2659DC191FA9B27E00BFB9C2 /* UILabel+Tools.m */,
				2659DC1A1FA9B27E00BFB9C2 /* UIView+Category.h */,
				2659DC1B1FA9B27E00BFB9C2 /* UIView+Category.m */,
				2659DC1C1FA9B27E00BFB9C2 /* UIView+Tools.h */,
				2659DC1D1FA9B27E00BFB9C2 /* UIView+Tools.m */,
			);
			path = "UIView+Tools";
			sourceTree = "<group>";
		};
		2659DC1E1FA9B35800BFB9C2 /* Utils */ = {
			isa = PBXGroup;
			children = (
				2659DC1F1FA9B35800BFB9C2 /* GuideTool.h */,
				2659DC201FA9B35800BFB9C2 /* GuideTool.m */,
			);
			path = Utils;
			sourceTree = "<group>";
		};
		E4B0B7DD91DEC502F377D8DD /* Pods */ = {
			isa = PBXGroup;
			children = (
				F9E1DED68F420137DD925DA0 /* Pods-MysteriousSpace.debug.xcconfig */,
				D351B7222A42AAF60F14A132 /* Pods-MysteriousSpace.release.xcconfig */,
			);
			name = Pods;
			sourceTree = "<group>";
		};
		E6BA886147955F40016ACEBC /* Frameworks */ = {
			isa = PBXGroup;
			children = (
				BB686F1317F8121FDD00A168 /* libPods-MysteriousSpace.a */,
			);
			name = Frameworks;
			sourceTree = "<group>";
		};
/* End PBXGroup section */

/* Begin PBXNativeTarget section */
		2659DBB31FA994A900BFB9C2 /* MysteriousSpace */ = {
			isa = PBXNativeTarget;
			buildConfigurationList = 2659DBCA1FA994A900BFB9C2 /* Build configuration list for PBXNativeTarget "MysteriousSpace" */;
			buildPhases = (
				979F605FEA7F32C2BEDD836D /* [CP] Check Pods Manifest.lock */,
				2659DBB01FA994A900BFB9C2 /* Sources */,
				2659DBB11FA994A900BFB9C2 /* Frameworks */,
				2659DBB21FA994A900BFB9C2 /* Resources */,
				08FD8A1CDA656C4AE856F02E /* [CP] Embed Pods Frameworks */,
				6BC242EE6462C91BB153421C /* [CP] Copy Pods Resources */,
			);
			buildRules = (
			);
			dependencies = (
			);
			name = MysteriousSpace;
			productName = MysteriousSpace;
			productReference = 2659DBB41FA994A900BFB9C2 /* MysteriousSpace.app */;
			productType = "com.apple.product-type.application";
		};
/* End PBXNativeTarget section */

/* Begin PBXProject section */
		2659DBAC1FA994A800BFB9C2 /* Project object */ = {
			isa = PBXProject;
			attributes = {
				LastUpgradeCheck = 0900;
				ORGANIZATIONNAME = SongGuoxing;
				TargetAttributes = {
					2659DBB31FA994A900BFB9C2 = {
						CreatedOnToolsVersion = 9.0;
						ProvisioningStyle = Automatic;
					};
				};
			};
			buildConfigurationList = 2659DBAF1FA994A800BFB9C2 /* Build configuration list for PBXProject "MysteriousSpace" */;
			compatibilityVersion = "Xcode 8.0";
			developmentRegion = en;
			hasScannedForEncodings = 0;
			knownRegions = (
				en,
				Base,
			);
			mainGroup = 2659DBAB1FA994A800BFB9C2;
			productRefGroup = 2659DBB51FA994A900BFB9C2 /* Products */;
			projectDirPath = "";
			projectRoot = "";
			targets = (
				2659DBB31FA994A900BFB9C2 /* MysteriousSpace */,
			);
		};
/* End PBXProject section */

/* Begin PBXResourcesBuildPhase section */
		2659DBB21FA994A900BFB9C2 /* Resources */ = {
			isa = PBXResourcesBuildPhase;
			buildActionMask = 2147483647;
			files = (
				2659DBC41FA994A900BFB9C2 /* LaunchScreen.storyboard in Resources */,
				2659DBC11FA994A900BFB9C2 /* Assets.xcassets in Resources */,
				2659DBBF1FA994A900BFB9C2 /* Main.storyboard in Resources */,
			);
			runOnlyForDeploymentPostprocessing = 0;
		};
/* End PBXResourcesBuildPhase section */

/* Begin PBXShellScriptBuildPhase section */
		08FD8A1CDA656C4AE856F02E /* [CP] Embed Pods Frameworks */ = {
			isa = PBXShellScriptBuildPhase;
			buildActionMask = 2147483647;
			files = (
			);
			inputPaths = (
			);
			name = "[CP] Embed Pods Frameworks";
			outputPaths = (
			);
			runOnlyForDeploymentPostprocessing = 0;
			shellPath = /bin/sh;
			shellScript = "\"${SRCROOT}/Pods/Target Support Files/Pods-MysteriousSpace/Pods-MysteriousSpace-frameworks.sh\"\n";
			showEnvVarsInLog = 0;
		};
		6BC242EE6462C91BB153421C /* [CP] Copy Pods Resources */ = {
			isa = PBXShellScriptBuildPhase;
			buildActionMask = 2147483647;
			files = (
			);
			inputPaths = (
			);
			name = "[CP] Copy Pods Resources";
			outputPaths = (
			);
			runOnlyForDeploymentPostprocessing = 0;
			shellPath = /bin/sh;
			shellScript = "\"${SRCROOT}/Pods/Target Support Files/Pods-MysteriousSpace/Pods-MysteriousSpace-resources.sh\"\n";
			showEnvVarsInLog = 0;
		};
		979F605FEA7F32C2BEDD836D /* [CP] Check Pods Manifest.lock */ = {
			isa = PBXShellScriptBuildPhase;
			buildActionMask = 2147483647;
			files = (
			);
			inputPaths = (
				"${PODS_PODFILE_DIR_PATH}/Podfile.lock",
				"${PODS_ROOT}/Manifest.lock",
			);
			name = "[CP] Check Pods Manifest.lock";
			outputPaths = (
				"$(DERIVED_FILE_DIR)/Pods-MysteriousSpace-checkManifestLockResult.txt",
			);
			runOnlyForDeploymentPostprocessing = 0;
			shellPath = /bin/sh;
			shellScript = "diff \"${PODS_PODFILE_DIR_PATH}/Podfile.lock\" \"${PODS_ROOT}/Manifest.lock\" > /dev/null\nif [ $? != 0 ] ; then\n    # print error to STDERR\n    echo \"error: The sandbox is not in sync with the Podfile.lock. Run 'pod install' or update your CocoaPods installation.\" >&2\n    exit 1\nfi\n# This output is used by Xcode 'outputs' to avoid re-running this script phase.\necho \"SUCCESS\" > \"${SCRIPT_OUTPUT_FILE_0}\"\n";
			showEnvVarsInLog = 0;
		};
/* End PBXShellScriptBuildPhase section */

/* Begin PBXSourcesBuildPhase section */
		2659DBB01FA994A900BFB9C2 /* Sources */ = {
			isa = PBXSourcesBuildPhase;
			buildActionMask = 2147483647;
			files = (
				2659DBF21FA9AD9C00BFB9C2 /* MyProfileVC.m in Sources */,
				2659DC2B1FA9C7DA00BFB9C2 /* CardManager.m in Sources */,
				2659DBEC1FA9AD0700BFB9C2 /* TabBarVC.m in Sources */,
				264CDD8C1FAAF12300CE255C /* UserInfoView.m in Sources */,
				2659DC281FA9C4B300BFB9C2 /* LoginVC.m in Sources */,
				2659DC211FA9B35800BFB9C2 /* GuideTool.m in Sources */,
				2659DBC71FA994A900BFB9C2 /* main.m in Sources */,
				264CDD921FAB23D700CE255C /* AddCardItemView.m in Sources */,
				2659DBB91FA994A900BFB9C2 /* AppDelegate.m in Sources */,
				2659DC241FA9B67600BFB9C2 /* DataCenterVC.m in Sources */,
				264CDD8F1FAB04D300CE255C /* AddCardVC.m in Sources */,
				2659DBF51FA9AE7400BFB9C2 /* XNavgationController.m in Sources */,
				2659DC2E1FA9C89400BFB9C2 /* Card.m in Sources */,
				2659DBEF1FA9AD7F00BFB9C2 /* HomeVC.m in Sources */,
			);
			runOnlyForDeploymentPostprocessing = 0;
		};
/* End PBXSourcesBuildPhase section */

/* Begin PBXVariantGroup section */
		2659DBBD1FA994A900BFB9C2 /* Main.storyboard */ = {
			isa = PBXVariantGroup;
			children = (
				2659DBBE1FA994A900BFB9C2 /* Base */,
			);
			name = Main.storyboard;
			sourceTree = "<group>";
		};
		2659DBC21FA994A900BFB9C2 /* LaunchScreen.storyboard */ = {
			isa = PBXVariantGroup;
			children = (
				2659DBC31FA994A900BFB9C2 /* Base */,
			);
			name = LaunchScreen.storyboard;
			sourceTree = "<group>";
		};
/* End PBXVariantGroup section */

/* Begin XCBuildConfiguration section */
		2659DBC81FA994A900BFB9C2 /* Debug */ = {
			isa = XCBuildConfiguration;
			buildSettings = {
				ALWAYS_SEARCH_USER_PATHS = NO;
				CLANG_ANALYZER_NONNULL = YES;
				CLANG_ANALYZER_NUMBER_OBJECT_CONVERSION = YES_AGGRESSIVE;
				CLANG_CXX_LANGUAGE_STANDARD = "gnu++14";
				CLANG_CXX_LIBRARY = "libc++";
				CLANG_ENABLE_MODULES = YES;
				CLANG_ENABLE_OBJC_ARC = YES;
				CLANG_WARN_BLOCK_CAPTURE_AUTORELEASING = YES;
				CLANG_WARN_BOOL_CONVERSION = YES;
				CLANG_WARN_COMMA = YES;
				CLANG_WARN_CONSTANT_CONVERSION = YES;
				CLANG_WARN_DIRECT_OBJC_ISA_USAGE = YES_ERROR;
				CLANG_WARN_DOCUMENTATION_COMMENTS = YES;
				CLANG_WARN_EMPTY_BODY = YES;
				CLANG_WARN_ENUM_CONVERSION = YES;
				CLANG_WARN_INFINITE_RECURSION = YES;
				CLANG_WARN_INT_CONVERSION = YES;
				CLANG_WARN_NON_LITERAL_NULL_CONVERSION = YES;
				CLANG_WARN_OBJC_LITERAL_CONVERSION = YES;
				CLANG_WARN_OBJC_ROOT_CLASS = YES_ERROR;
				CLANG_WARN_RANGE_LOOP_ANALYSIS = YES;
				CLANG_WARN_STRICT_PROTOTYPES = YES;
				CLANG_WARN_SUSPICIOUS_MOVE = YES;
				CLANG_WARN_UNGUARDED_AVAILABILITY = YES_AGGRESSIVE;
				CLANG_WARN_UNREACHABLE_CODE = YES;
				CLANG_WARN__DUPLICATE_METHOD_MATCH = YES;
				CODE_SIGN_IDENTITY = "iPhone Developer";
				COPY_PHASE_STRIP = NO;
				DEBUG_INFORMATION_FORMAT = dwarf;
				ENABLE_STRICT_OBJC_MSGSEND = YES;
				ENABLE_TESTABILITY = YES;
				GCC_C_LANGUAGE_STANDARD = gnu11;
				GCC_DYNAMIC_NO_PIC = NO;
				GCC_NO_COMMON_BLOCKS = YES;
				GCC_OPTIMIZATION_LEVEL = 0;
				GCC_PREPROCESSOR_DEFINITIONS = (
					"DEBUG=1",
					"$(inherited)",
				);
				GCC_WARN_64_TO_32_BIT_CONVERSION = YES;
				GCC_WARN_ABOUT_RETURN_TYPE = YES_ERROR;
				GCC_WARN_UNDECLARED_SELECTOR = YES;
				GCC_WARN_UNINITIALIZED_AUTOS = YES_AGGRESSIVE;
				GCC_WARN_UNUSED_FUNCTION = YES;
				GCC_WARN_UNUSED_VARIABLE = YES;
				IPHONEOS_DEPLOYMENT_TARGET = 11.0;
				MTL_ENABLE_DEBUG_INFO = YES;
				ONLY_ACTIVE_ARCH = YES;
				SDKROOT = iphoneos;
			};
			name = Debug;
		};
		2659DBC91FA994A900BFB9C2 /* Release */ = {
			isa = XCBuildConfiguration;
			buildSettings = {
				ALWAYS_SEARCH_USER_PATHS = NO;
				CLANG_ANALYZER_NONNULL = YES;
				CLANG_ANALYZER_NUMBER_OBJECT_CONVERSION = YES_AGGRESSIVE;
				CLANG_CXX_LANGUAGE_STANDARD = "gnu++14";
				CLANG_CXX_LIBRARY = "libc++";
				CLANG_ENABLE_MODULES = YES;
				CLANG_ENABLE_OBJC_ARC = YES;
				CLANG_WARN_BLOCK_CAPTURE_AUTORELEASING = YES;
				CLANG_WARN_BOOL_CONVERSION = YES;
				CLANG_WARN_COMMA = YES;
				CLANG_WARN_CONSTANT_CONVERSION = YES;
				CLANG_WARN_DIRECT_OBJC_ISA_USAGE = YES_ERROR;
				CLANG_WARN_DOCUMENTATION_COMMENTS = YES;
				CLANG_WARN_EMPTY_BODY = YES;
				CLANG_WARN_ENUM_CONVERSION = YES;
				CLANG_WARN_INFINITE_RECURSION = YES;
				CLANG_WARN_INT_CONVERSION = YES;
				CLANG_WARN_NON_LITERAL_NULL_CONVERSION = YES;
				CLANG_WARN_OBJC_LITERAL_CONVERSION = YES;
				CLANG_WARN_OBJC_ROOT_CLASS = YES_ERROR;
				CLANG_WARN_RANGE_LOOP_ANALYSIS = YES;
				CLANG_WARN_STRICT_PROTOTYPES = YES;
				CLANG_WARN_SUSPICIOUS_MOVE = YES;
				CLANG_WARN_UNGUARDED_AVAILABILITY = YES_AGGRESSIVE;
				CLANG_WARN_UNREACHABLE_CODE = YES;
				CLANG_WARN__DUPLICATE_METHOD_MATCH = YES;
				CODE_SIGN_IDENTITY = "iPhone Developer";
				COPY_PHASE_STRIP = NO;
				DEBUG_INFORMATION_FORMAT = "dwarf-with-dsym";
				ENABLE_NS_ASSERTIONS = NO;
				ENABLE_STRICT_OBJC_MSGSEND = YES;
				GCC_C_LANGUAGE_STANDARD = gnu11;
				GCC_NO_COMMON_BLOCKS = YES;
				GCC_WARN_64_TO_32_BIT_CONVERSION = YES;
				GCC_WARN_ABOUT_RETURN_TYPE = YES_ERROR;
				GCC_WARN_UNDECLARED_SELECTOR = YES;
				GCC_WARN_UNINITIALIZED_AUTOS = YES_AGGRESSIVE;
				GCC_WARN_UNUSED_FUNCTION = YES;
				GCC_WARN_UNUSED_VARIABLE = YES;
				IPHONEOS_DEPLOYMENT_TARGET = 11.0;
				MTL_ENABLE_DEBUG_INFO = NO;
				SDKROOT = iphoneos;
				VALIDATE_PRODUCT = YES;
			};
			name = Release;
		};
		2659DBCB1FA994A900BFB9C2 /* Debug */ = {
			isa = XCBuildConfiguration;
			baseConfigurationReference = F9E1DED68F420137DD925DA0 /* Pods-MysteriousSpace.debug.xcconfig */;
			buildSettings = {
				ASSETCATALOG_COMPILER_APPICON_NAME = AppIcon;
				CODE_SIGN_STYLE = Automatic;
				DEVELOPMENT_TEAM = 547CWCRBRD;
				GCC_PRECOMPILE_PREFIX_HEADER = YES;
				GCC_PREFIX_HEADER = "$(SRCROOT)/MysteriousSpace/PrefixHeader.pch";
				INFOPLIST_FILE = MysteriousSpace/Info.plist;
				IPHONEOS_DEPLOYMENT_TARGET = 9.0;
				LD_RUNPATH_SEARCH_PATHS = "$(inherited) @executable_path/Frameworks";
				PRODUCT_BUNDLE_IDENTIFIER = sgx.MysteriousSpace;
				PRODUCT_NAME = "$(TARGET_NAME)";
				TARGETED_DEVICE_FAMILY = "1,2";
			};
			name = Debug;
		};
		2659DBCC1FA994A900BFB9C2 /* Release */ = {
			isa = XCBuildConfiguration;
			baseConfigurationReference = D351B7222A42AAF60F14A132 /* Pods-MysteriousSpace.release.xcconfig */;
			buildSettings = {
				ASSETCATALOG_COMPILER_APPICON_NAME = AppIcon;
				CODE_SIGN_STYLE = Automatic;
				DEVELOPMENT_TEAM = 547CWCRBRD;
				GCC_PRECOMPILE_PREFIX_HEADER = YES;
				GCC_PREFIX_HEADER = "$(SRCROOT)/MysteriousSpace/PrefixHeader.pch";
				INFOPLIST_FILE = MysteriousSpace/Info.plist;
				IPHONEOS_DEPLOYMENT_TARGET = 9.0;
				LD_RUNPATH_SEARCH_PATHS = "$(inherited) @executable_path/Frameworks";
				PRODUCT_BUNDLE_IDENTIFIER = sgx.MysteriousSpace;
				PRODUCT_NAME = "$(TARGET_NAME)";
				TARGETED_DEVICE_FAMILY = "1,2";
			};
			name = Release;
		};
/* End XCBuildConfiguration section */

/* Begin XCConfigurationList section */
		2659DBAF1FA994A800BFB9C2 /* Build configuration list for PBXProject "MysteriousSpace" */ = {
			isa = XCConfigurationList;
			buildConfigurations = (
				2659DBC81FA994A900BFB9C2 /* Debug */,
				2659DBC91FA994A900BFB9C2 /* Release */,
			);
			defaultConfigurationIsVisible = 0;
			defaultConfigurationName = Release;
		};
		2659DBCA1FA994A900BFB9C2 /* Build configuration list for PBXNativeTarget "MysteriousSpace" */ = {
			isa = XCConfigurationList;
			buildConfigurations = (
				2659DBCB1FA994A900BFB9C2 /* Debug */,
				2659DBCC1FA994A900BFB9C2 /* Release */,
			);
			defaultConfigurationIsVisible = 0;
			defaultConfigurationName = Release;
		};
/* End XCConfigurationList section */
	};
	rootObject = 2659DBAC1FA994A800BFB9C2 /* Project object */;
}
